{
  "name": "toyprojects",
  "lockfileVersion": 3,
  "requires": true,
  "packages": {
    "": {
      "dependencies": {
        "itertools": "^2.4.1"
      }
    },
    "node_modules/itertools": {
      "version": "2.4.1",
      "resolved": "https://registry.npmjs.org/itertools/-/itertools-2.4.1.tgz",
      "integrity": "sha512-dFTSYzmbfeNE3q/qxwAr/QdKsK6/rp+LTz8SJdTg1+lo9omXFYpDcOKw47/7TevlnC0LorR5pRSf68+yB3N0GA==",
      "license": "MIT"
    }
  }
}
